
Microsoft Visual Studio Solution File, Format Version 12.00
# Visual Studio Version 16
VisualStudioVersion = 16.0.29306.81
MinimumVisualStudioVersion = 10.0.40219.1
Project("{FAE04EC0-301F-11D3-BF4B-00C04F79EFBC}") = "Verto_Test", "Verto_Test\Verto_Test.csproj", "{8912FE39-746A-4BB7-A99F-464E3269B0A3}"
EndProject
Global
	GlobalSection(SolutionConfigurationPlatforms) = preSolution
		Debug|Any CPU = Debug|Any CPU
		Release|Any CPU = Release|Any CPU
	EndGlobalSection
	GlobalSection(ProjectConfigurationPlatforms) = postSolution
		{8912FE39-746A-4BB7-A99F-464E3269B0A3}.Debug|Any CPU.ActiveCfg = Debug|Any CPU
		{8912FE39-746A-4BB7-A99F-464E3269B0A3}.Debug|Any CPU.Build.0 = Debug|Any CPU
		{8912FE39-746A-4BB7-A99F-464E3269B0A3}.Release|Any CPU.ActiveCfg = Release|Any CPU
		{8912FE39-746A-4BB7-A99F-464E3269B0A3}.Release|Any CPU.Build.0 = Release|Any CPU
	EndGlobalSection
	GlobalSection(SolutionProperties) = preSolution
		HideSolutionNode = FALSE
	EndGlobalSection
	GlobalSection(ExtensibilityGlobals) = postSolution
		SolutionGuid = {822D8809-B364-48CB-914E-1B1E3E1885B7}
	EndGlobalSection
EndGlobal
